
Microsoft Visual Studio Solution File, Format Version 12.00
# Visual Studio 15
VisualStudioVersion = 15.0.27703.2042
MinimumVisualStudioVersion = 10.0.40219.1
Project("{9A19103F-16F7-4668-BE54-9A1E7A4F7556}") = "CarDealer.Web", "CarDealer.Web\CarDealer.Web.csproj", "{18D1C13A-0C0A-4AA0-A7E7-C7C9E1800EBA}"
EndProject
Project("{9A19103F-16F7-4668-BE54-9A1E7A4F7556}") = "CarDealer.Data", "CarDealer.Data\CarDealer.Data.csproj", "{9CCE8702-D2E0-4AEB-8477-C349E3EEB467}"
EndProject
Project("{9A19103F-16F7-4668-BE54-9A1E7A4F7556}") = "CarDealer.Services", "CarDealer.Services\CarDealer.Services.csproj", "{C1F4574F-3FD5-4B06-968F-E51C666FB6BB}"
EndProject
Global
	GlobalSection(SolutionConfigurationPlatforms) = preSolution
		Debug|Any CPU = Debug|Any CPU
		Release|Any CPU = Release|Any CPU
	EndGlobalSection
	GlobalSection(ProjectConfigurationPlatforms) = postSolution
		{18D1C13A-0C0A-4AA0-A7E7-C7C9E1800EBA}.Debug|Any CPU.ActiveCfg = Debug|Any CPU
		{18D1C13A-0C0A-4AA0-A7E7-C7C9E1800EBA}.Debug|Any CPU.Build.0 = Debug|Any CPU
		{18D1C13A-0C0A-4AA0-A7E7-C7C9E1800EBA}.Release|Any CPU.ActiveCfg = Release|Any CPU
		{18D1C13A-0C0A-4AA0-A7E7-C7C9E1800EBA}.Release|Any CPU.Build.0 = Release|Any CPU
		{9CCE8702-D2E0-4AEB-8477-C349E3EEB467}.Debug|Any CPU.ActiveCfg = Debug|Any CPU
		{9CCE8702-D2E0-4AEB-8477-C349E3EEB467}.Debug|Any CPU.Build.0 = Debug|Any CPU
		{9CCE8702-D2E0-4AEB-8477-C349E3EEB467}.Release|Any CPU.ActiveCfg = Release|Any CPU
		{9CCE8702-D2E0-4AEB-8477-C349E3EEB467}.Release|Any CPU.Build.0 = Release|Any CPU
		{C1F4574F-3FD5-4B06-968F-E51C666FB6BB}.Debug|Any CPU.ActiveCfg = Debug|Any CPU
		{C1F4574F-3FD5-4B06-968F-E51C666FB6BB}.Debug|Any CPU.Build.0 = Debug|Any CPU
		{C1F4574F-3FD5-4B06-968F-E51C666FB6BB}.Release|Any CPU.ActiveCfg = Release|Any CPU
		{C1F4574F-3FD5-4B06-968F-E51C666FB6BB}.Release|Any CPU.Build.0 = Release|Any CPU
	EndGlobalSection
	GlobalSection(SolutionProperties) = preSolution
		HideSolutionNode = FALSE
	EndGlobalSection
	GlobalSection(ExtensibilityGlobals) = postSolution
		SolutionGuid = {73525C8A-D7C5-49EC-93F1-8EBA54613DBB}
	EndGlobalSection
EndGlobal
