
Microsoft Visual Studio Solution File, Format Version 12.00
# Visual Studio 15
VisualStudioVersion = 15.0.27130.2010
MinimumVisualStudioVersion = 10.0.40219.1
Project("{FAE04EC0-301F-11D3-BF4B-00C04F79EFBC}") = "01.OddLines", "01.OddLines\01.OddLines.csproj", "{B85C2565-2123-45C7-AA2F-907F3A2C02C2}"
EndProject
Project("{FAE04EC0-301F-11D3-BF4B-00C04F79EFBC}") = "02.LineNumbers", "02.LineNumbers\02.LineNumbers.csproj", "{3E05757E-4340-4BB5-B2F3-8D0187BA2AE2}"
EndProject
Project("{FAE04EC0-301F-11D3-BF4B-00C04F79EFBC}") = "03.WordCount", "03.WordCount\03.WordCount.csproj", "{B448D50C-DC1C-478F-B82E-3FA9081F553A}"
EndProject
Project("{FAE04EC0-301F-11D3-BF4B-00C04F79EFBC}") = "04.CopyBinaryFile", "04.CopyBinaryFile\04.CopyBinaryFile.csproj", "{AB2207E5-46DE-4F68-A7B8-4BE724C91C89}"
EndProject
Project("{FAE04EC0-301F-11D3-BF4B-00C04F79EFBC}") = "05.SlicingFile", "05.SlicingFile\05.SlicingFile.csproj", "{23A0B16B-C4A8-4CCF-9206-BBCB384E31E6}"
EndProject
Project("{FAE04EC0-301F-11D3-BF4B-00C04F79EFBC}") = "06.ZippingSlicedFiles", "06.ZippingSlicedFiles\06.ZippingSlicedFiles.csproj", "{130C836C-7F41-4B39-A6A3-5A4EC759FDAC}"
EndProject
Project("{FAE04EC0-301F-11D3-BF4B-00C04F79EFBC}") = "07.DirectoryTraversal", "07.DirectoryTraversal\07.DirectoryTraversal.csproj", "{08E9FF0C-1EEF-4E1B-B087-48A5B2AC6AD5}"
EndProject
Global
	GlobalSection(SolutionConfigurationPlatforms) = preSolution
		Debug|Any CPU = Debug|Any CPU
		Release|Any CPU = Release|Any CPU
	EndGlobalSection
	GlobalSection(ProjectConfigurationPlatforms) = postSolution
		{B85C2565-2123-45C7-AA2F-907F3A2C02C2}.Debug|Any CPU.ActiveCfg = Debug|Any CPU
		{B85C2565-2123-45C7-AA2F-907F3A2C02C2}.Debug|Any CPU.Build.0 = Debug|Any CPU
		{B85C2565-2123-45C7-AA2F-907F3A2C02C2}.Release|Any CPU.ActiveCfg = Release|Any CPU
		{B85C2565-2123-45C7-AA2F-907F3A2C02C2}.Release|Any CPU.Build.0 = Release|Any CPU
		{3E05757E-4340-4BB5-B2F3-8D0187BA2AE2}.Debug|Any CPU.ActiveCfg = Debug|Any CPU
		{3E05757E-4340-4BB5-B2F3-8D0187BA2AE2}.Debug|Any CPU.Build.0 = Debug|Any CPU
		{3E05757E-4340-4BB5-B2F3-8D0187BA2AE2}.Release|Any CPU.ActiveCfg = Release|Any CPU
		{3E05757E-4340-4BB5-B2F3-8D0187BA2AE2}.Release|Any CPU.Build.0 = Release|Any CPU
		{B448D50C-DC1C-478F-B82E-3FA9081F553A}.Debug|Any CPU.ActiveCfg = Debug|Any CPU
		{B448D50C-DC1C-478F-B82E-3FA9081F553A}.Debug|Any CPU.Build.0 = Debug|Any CPU
		{B448D50C-DC1C-478F-B82E-3FA9081F553A}.Release|Any CPU.ActiveCfg = Release|Any CPU
		{B448D50C-DC1C-478F-B82E-3FA9081F553A}.Release|Any CPU.Build.0 = Release|Any CPU
		{AB2207E5-46DE-4F68-A7B8-4BE724C91C89}.Debug|Any CPU.ActiveCfg = Debug|Any CPU
		{AB2207E5-46DE-4F68-A7B8-4BE724C91C89}.Debug|Any CPU.Build.0 = Debug|Any CPU
		{AB2207E5-46DE-4F68-A7B8-4BE724C91C89}.Release|Any CPU.ActiveCfg = Release|Any CPU
		{AB2207E5-46DE-4F68-A7B8-4BE724C91C89}.Release|Any CPU.Build.0 = Release|Any CPU
		{23A0B16B-C4A8-4CCF-9206-BBCB384E31E6}.Debug|Any CPU.ActiveCfg = Debug|Any CPU
		{23A0B16B-C4A8-4CCF-9206-BBCB384E31E6}.Debug|Any CPU.Build.0 = Debug|Any CPU
		{23A0B16B-C4A8-4CCF-9206-BBCB384E31E6}.Release|Any CPU.ActiveCfg = Release|Any CPU
		{23A0B16B-C4A8-4CCF-9206-BBCB384E31E6}.Release|Any CPU.Build.0 = Release|Any CPU
		{130C836C-7F41-4B39-A6A3-5A4EC759FDAC}.Debug|Any CPU.ActiveCfg = Debug|Any CPU
		{130C836C-7F41-4B39-A6A3-5A4EC759FDAC}.Debug|Any CPU.Build.0 = Debug|Any CPU
		{130C836C-7F41-4B39-A6A3-5A4EC759FDAC}.Release|Any CPU.ActiveCfg = Release|Any CPU
		{130C836C-7F41-4B39-A6A3-5A4EC759FDAC}.Release|Any CPU.Build.0 = Release|Any CPU
		{08E9FF0C-1EEF-4E1B-B087-48A5B2AC6AD5}.Debug|Any CPU.ActiveCfg = Debug|Any CPU
		{08E9FF0C-1EEF-4E1B-B087-48A5B2AC6AD5}.Debug|Any CPU.Build.0 = Debug|Any CPU
		{08E9FF0C-1EEF-4E1B-B087-48A5B2AC6AD5}.Release|Any CPU.ActiveCfg = Release|Any CPU
		{08E9FF0C-1EEF-4E1B-B087-48A5B2AC6AD5}.Release|Any CPU.Build.0 = Release|Any CPU
	EndGlobalSection
	GlobalSection(SolutionProperties) = preSolution
		HideSolutionNode = FALSE
	EndGlobalSection
	GlobalSection(ExtensibilityGlobals) = postSolution
		SolutionGuid = {33065848-F76A-44D5-93AC-BE5BD2B4ECC2}
	EndGlobalSection
EndGlobal
