
Microsoft Visual Studio Solution File, Format Version 12.00
# Visual Studio 15
VisualStudioVersion = 15.0.27130.2036
MinimumVisualStudioVersion = 10.0.40219.1
Project("{FAE04EC0-301F-11D3-BF4B-00C04F79EFBC}") = "01.DangerousFloor", "01.DangerousFloor\01.DangerousFloor.csproj", "{25B4693C-0292-4297-8057-DFCF5558D95C}"
EndProject
Project("{FAE04EC0-301F-11D3-BF4B-00C04F79EFBC}") = "03.GreedyTimes", "03.GreedyTimes\03.GreedyTimes.csproj", "{DDBE730E-D606-4974-97F1-2CC2049904A4}"
EndProject
Project("{FAE04EC0-301F-11D3-BF4B-00C04F79EFBC}") = "04.TreasureMap", "04.TreasureMap\04.TreasureMap.csproj", "{FFF05666-3725-4C4D-95D2-FC360E5D0D37}"
EndProject
Global
	GlobalSection(SolutionConfigurationPlatforms) = preSolution
		Debug|Any CPU = Debug|Any CPU
		Release|Any CPU = Release|Any CPU
	EndGlobalSection
	GlobalSection(ProjectConfigurationPlatforms) = postSolution
		{25B4693C-0292-4297-8057-DFCF5558D95C}.Debug|Any CPU.ActiveCfg = Debug|Any CPU
		{25B4693C-0292-4297-8057-DFCF5558D95C}.Debug|Any CPU.Build.0 = Debug|Any CPU
		{25B4693C-0292-4297-8057-DFCF5558D95C}.Release|Any CPU.ActiveCfg = Release|Any CPU
		{25B4693C-0292-4297-8057-DFCF5558D95C}.Release|Any CPU.Build.0 = Release|Any CPU
		{DDBE730E-D606-4974-97F1-2CC2049904A4}.Debug|Any CPU.ActiveCfg = Debug|Any CPU
		{DDBE730E-D606-4974-97F1-2CC2049904A4}.Debug|Any CPU.Build.0 = Debug|Any CPU
		{DDBE730E-D606-4974-97F1-2CC2049904A4}.Release|Any CPU.ActiveCfg = Release|Any CPU
		{DDBE730E-D606-4974-97F1-2CC2049904A4}.Release|Any CPU.Build.0 = Release|Any CPU
		{FFF05666-3725-4C4D-95D2-FC360E5D0D37}.Debug|Any CPU.ActiveCfg = Debug|Any CPU
		{FFF05666-3725-4C4D-95D2-FC360E5D0D37}.Debug|Any CPU.Build.0 = Debug|Any CPU
		{FFF05666-3725-4C4D-95D2-FC360E5D0D37}.Release|Any CPU.ActiveCfg = Release|Any CPU
		{FFF05666-3725-4C4D-95D2-FC360E5D0D37}.Release|Any CPU.Build.0 = Release|Any CPU
	EndGlobalSection
	GlobalSection(SolutionProperties) = preSolution
		HideSolutionNode = FALSE
	EndGlobalSection
	GlobalSection(ExtensibilityGlobals) = postSolution
		SolutionGuid = {CE8A2D29-F594-42B4-A65F-265928CAC718}
	EndGlobalSection
EndGlobal
