
Microsoft Visual Studio Solution File, Format Version 12.00
# Visual Studio 15
VisualStudioVersion = 15.0.27428.2015
MinimumVisualStudioVersion = 10.0.40219.1
Project("{9A19103F-16F7-4668-BE54-9A1E7A4F7556}") = "Pr01.GenericBox", "Pr1.GenericBox\Pr01.GenericBox.csproj", "{CA840515-E15A-41EC-9A9C-62623CB66E9D}"
EndProject
Project("{9A19103F-16F7-4668-BE54-9A1E7A4F7556}") = "Pr02.GenericBoxOfString", "Pr2.GenericBoxOfString\Pr02.GenericBoxOfString.csproj", "{8086261D-42BE-4A5F-9F98-DB3FD02AFA10}"
EndProject
Project("{9A19103F-16F7-4668-BE54-9A1E7A4F7556}") = "Pr03.GenericBoxOfInteger", "Pr3.GenericBoxOfInteger\Pr03.GenericBoxOfInteger.csproj", "{4772407D-647C-45B0-9C3F-C68AFF2BECE2}"
EndProject
Project("{9A19103F-16F7-4668-BE54-9A1E7A4F7556}") = "Pr04.GenericSwapMethodStrings", "Pr4.GenericSwapMethodStrings\Pr04.GenericSwapMethodStrings.csproj", "{0F8BEA5C-6E32-4883-91B0-283D901B386E}"
EndProject
Project("{9A19103F-16F7-4668-BE54-9A1E7A4F7556}") = "Pr05.GenericSwapMethodIntegers", "Pr5.GenericSwapMethodIntegers\Pr05.GenericSwapMethodIntegers.csproj", "{C328B938-D2CE-4945-8DFB-8758DE2D5AA4}"
EndProject
Project("{9A19103F-16F7-4668-BE54-9A1E7A4F7556}") = "Pr06.GenericCountMethodStrings", "Pr6.GenericCountMethodStrings\Pr06.GenericCountMethodStrings.csproj", "{F853F9C7-7BDE-47AC-BA39-D765A3C08B99}"
EndProject
Project("{9A19103F-16F7-4668-BE54-9A1E7A4F7556}") = "Pr07.GenericCountMethodDouble", "Pr7.GenericCountMethodDouble\Pr07.GenericCountMethodDouble.csproj", "{91BEF13E-92A8-49D0-BBA3-40712B30C4C8}"
EndProject
Project("{9A19103F-16F7-4668-BE54-9A1E7A4F7556}") = "Pr08.CustomList", "Pr8.CustomList\Pr08.CustomList.csproj", "{31EA0633-B163-4C6E-8ED1-DACDD1D2ECE0}"
EndProject
Project("{FAE04EC0-301F-11D3-BF4B-00C04F79EFBC}") = "Pr09.CustomListSorter", "Pr9.CustomListSorter\Pr09.CustomListSorter.csproj", "{8F2A8EB8-7FCE-47D5-A668-F774F0E226EB}"
EndProject
Project("{FAE04EC0-301F-11D3-BF4B-00C04F79EFBC}") = "Pr10.CustomListIterator", "Pr10.CustomListIterator\Pr10.CustomListIterator.csproj", "{962CD2B4-AF44-4A40-A799-8C9E39BE82C5}"
EndProject
Project("{FAE04EC0-301F-11D3-BF4B-00C04F79EFBC}") = "Pr11.Tuple", "Pr11.Tuple\Pr11.Tuple.csproj", "{344334A0-C8C1-4551-B0BA-167609F20A5C}"
EndProject
Project("{FAE04EC0-301F-11D3-BF4B-00C04F79EFBC}") = "Pr12.Threeuple", "Pr12.Threeuple\Pr12.Threeuple.csproj", "{66E4ADC0-3D51-4D53-9B7B-C7CA05156D14}"
EndProject
Global
	GlobalSection(SolutionConfigurationPlatforms) = preSolution
		Debug|Any CPU = Debug|Any CPU
		Release|Any CPU = Release|Any CPU
	EndGlobalSection
	GlobalSection(ProjectConfigurationPlatforms) = postSolution
		{CA840515-E15A-41EC-9A9C-62623CB66E9D}.Debug|Any CPU.ActiveCfg = Debug|Any CPU
		{CA840515-E15A-41EC-9A9C-62623CB66E9D}.Debug|Any CPU.Build.0 = Debug|Any CPU
		{CA840515-E15A-41EC-9A9C-62623CB66E9D}.Release|Any CPU.ActiveCfg = Release|Any CPU
		{CA840515-E15A-41EC-9A9C-62623CB66E9D}.Release|Any CPU.Build.0 = Release|Any CPU
		{8086261D-42BE-4A5F-9F98-DB3FD02AFA10}.Debug|Any CPU.ActiveCfg = Debug|Any CPU
		{8086261D-42BE-4A5F-9F98-DB3FD02AFA10}.Debug|Any CPU.Build.0 = Debug|Any CPU
		{8086261D-42BE-4A5F-9F98-DB3FD02AFA10}.Release|Any CPU.ActiveCfg = Release|Any CPU
		{8086261D-42BE-4A5F-9F98-DB3FD02AFA10}.Release|Any CPU.Build.0 = Release|Any CPU
		{4772407D-647C-45B0-9C3F-C68AFF2BECE2}.Debug|Any CPU.ActiveCfg = Debug|Any CPU
		{4772407D-647C-45B0-9C3F-C68AFF2BECE2}.Debug|Any CPU.Build.0 = Debug|Any CPU
		{4772407D-647C-45B0-9C3F-C68AFF2BECE2}.Release|Any CPU.ActiveCfg = Release|Any CPU
		{4772407D-647C-45B0-9C3F-C68AFF2BECE2}.Release|Any CPU.Build.0 = Release|Any CPU
		{0F8BEA5C-6E32-4883-91B0-283D901B386E}.Debug|Any CPU.ActiveCfg = Debug|Any CPU
		{0F8BEA5C-6E32-4883-91B0-283D901B386E}.Debug|Any CPU.Build.0 = Debug|Any CPU
		{0F8BEA5C-6E32-4883-91B0-283D901B386E}.Release|Any CPU.ActiveCfg = Release|Any CPU
		{0F8BEA5C-6E32-4883-91B0-283D901B386E}.Release|Any CPU.Build.0 = Release|Any CPU
		{C328B938-D2CE-4945-8DFB-8758DE2D5AA4}.Debug|Any CPU.ActiveCfg = Debug|Any CPU
		{C328B938-D2CE-4945-8DFB-8758DE2D5AA4}.Debug|Any CPU.Build.0 = Debug|Any CPU
		{C328B938-D2CE-4945-8DFB-8758DE2D5AA4}.Release|Any CPU.ActiveCfg = Release|Any CPU
		{C328B938-D2CE-4945-8DFB-8758DE2D5AA4}.Release|Any CPU.Build.0 = Release|Any CPU
		{F853F9C7-7BDE-47AC-BA39-D765A3C08B99}.Debug|Any CPU.ActiveCfg = Debug|Any CPU
		{F853F9C7-7BDE-47AC-BA39-D765A3C08B99}.Debug|Any CPU.Build.0 = Debug|Any CPU
		{F853F9C7-7BDE-47AC-BA39-D765A3C08B99}.Release|Any CPU.ActiveCfg = Release|Any CPU
		{F853F9C7-7BDE-47AC-BA39-D765A3C08B99}.Release|Any CPU.Build.0 = Release|Any CPU
		{91BEF13E-92A8-49D0-BBA3-40712B30C4C8}.Debug|Any CPU.ActiveCfg = Debug|Any CPU
		{91BEF13E-92A8-49D0-BBA3-40712B30C4C8}.Debug|Any CPU.Build.0 = Debug|Any CPU
		{91BEF13E-92A8-49D0-BBA3-40712B30C4C8}.Release|Any CPU.ActiveCfg = Release|Any CPU
		{91BEF13E-92A8-49D0-BBA3-40712B30C4C8}.Release|Any CPU.Build.0 = Release|Any CPU
		{31EA0633-B163-4C6E-8ED1-DACDD1D2ECE0}.Debug|Any CPU.ActiveCfg = Debug|Any CPU
		{31EA0633-B163-4C6E-8ED1-DACDD1D2ECE0}.Debug|Any CPU.Build.0 = Debug|Any CPU
		{31EA0633-B163-4C6E-8ED1-DACDD1D2ECE0}.Release|Any CPU.ActiveCfg = Release|Any CPU
		{31EA0633-B163-4C6E-8ED1-DACDD1D2ECE0}.Release|Any CPU.Build.0 = Release|Any CPU
		{8F2A8EB8-7FCE-47D5-A668-F774F0E226EB}.Debug|Any CPU.ActiveCfg = Debug|Any CPU
		{8F2A8EB8-7FCE-47D5-A668-F774F0E226EB}.Debug|Any CPU.Build.0 = Debug|Any CPU
		{8F2A8EB8-7FCE-47D5-A668-F774F0E226EB}.Release|Any CPU.ActiveCfg = Release|Any CPU
		{8F2A8EB8-7FCE-47D5-A668-F774F0E226EB}.Release|Any CPU.Build.0 = Release|Any CPU
		{962CD2B4-AF44-4A40-A799-8C9E39BE82C5}.Debug|Any CPU.ActiveCfg = Debug|Any CPU
		{962CD2B4-AF44-4A40-A799-8C9E39BE82C5}.Debug|Any CPU.Build.0 = Debug|Any CPU
		{962CD2B4-AF44-4A40-A799-8C9E39BE82C5}.Release|Any CPU.ActiveCfg = Release|Any CPU
		{962CD2B4-AF44-4A40-A799-8C9E39BE82C5}.Release|Any CPU.Build.0 = Release|Any CPU
		{344334A0-C8C1-4551-B0BA-167609F20A5C}.Debug|Any CPU.ActiveCfg = Debug|Any CPU
		{344334A0-C8C1-4551-B0BA-167609F20A5C}.Debug|Any CPU.Build.0 = Debug|Any CPU
		{344334A0-C8C1-4551-B0BA-167609F20A5C}.Release|Any CPU.ActiveCfg = Release|Any CPU
		{344334A0-C8C1-4551-B0BA-167609F20A5C}.Release|Any CPU.Build.0 = Release|Any CPU
		{66E4ADC0-3D51-4D53-9B7B-C7CA05156D14}.Debug|Any CPU.ActiveCfg = Debug|Any CPU
		{66E4ADC0-3D51-4D53-9B7B-C7CA05156D14}.Debug|Any CPU.Build.0 = Debug|Any CPU
		{66E4ADC0-3D51-4D53-9B7B-C7CA05156D14}.Release|Any CPU.ActiveCfg = Release|Any CPU
		{66E4ADC0-3D51-4D53-9B7B-C7CA05156D14}.Release|Any CPU.Build.0 = Release|Any CPU
	EndGlobalSection
	GlobalSection(SolutionProperties) = preSolution
		HideSolutionNode = FALSE
	EndGlobalSection
	GlobalSection(ExtensibilityGlobals) = postSolution
		SolutionGuid = {04622E5C-949C-4474-B7F4-63C79118445A}
	EndGlobalSection
EndGlobal
