
Microsoft Visual Studio Solution File, Format Version 12.00
# Visual Studio 15
VisualStudioVersion = 15.0.27004.2002
MinimumVisualStudioVersion = 10.0.40219.1
Project("{FAE04EC0-301F-11D3-BF4B-00C04F79EFBC}") = "01.DCardNumber", "01.DCardNumber\01.DCardNumber.csproj", "{F407AC77-8E4F-401A-8D4B-C0F3EC5D0F68}"
EndProject
Project("{FAE04EC0-301F-11D3-BF4B-00C04F79EFBC}") = "02.RectArea", "02.RectArea\02.RectArea.csproj", "{E2F6410B-8F2F-4901-93B0-89F63F7A6A00}"
EndProject
Project("{FAE04EC0-301F-11D3-BF4B-00C04F79EFBC}") = "03.MilesToKm", "03.MilesToKm\03.MilesToKm.csproj", "{05BB1A21-4669-40AB-89E6-212FA800EEE3}"
EndProject
Project("{FAE04EC0-301F-11D3-BF4B-00C04F79EFBC}") = "04.BevLabels", "04.BevLabels\04.BevLabels.csproj", "{4DC02DE0-9350-4279-A1CC-807CD507C1C3}"
EndProject
Project("{FAE04EC0-301F-11D3-BF4B-00C04F79EFBC}") = "05.CharStats", "05.CharStats\05.CharStats.csproj", "{E15A1F90-F795-4467-9299-3839EBF49F11}"
EndProject
Global
	GlobalSection(SolutionConfigurationPlatforms) = preSolution
		Debug|Any CPU = Debug|Any CPU
		Release|Any CPU = Release|Any CPU
	EndGlobalSection
	GlobalSection(ProjectConfigurationPlatforms) = postSolution
		{F407AC77-8E4F-401A-8D4B-C0F3EC5D0F68}.Debug|Any CPU.ActiveCfg = Debug|Any CPU
		{F407AC77-8E4F-401A-8D4B-C0F3EC5D0F68}.Debug|Any CPU.Build.0 = Debug|Any CPU
		{F407AC77-8E4F-401A-8D4B-C0F3EC5D0F68}.Release|Any CPU.ActiveCfg = Release|Any CPU
		{F407AC77-8E4F-401A-8D4B-C0F3EC5D0F68}.Release|Any CPU.Build.0 = Release|Any CPU
		{E2F6410B-8F2F-4901-93B0-89F63F7A6A00}.Debug|Any CPU.ActiveCfg = Debug|Any CPU
		{E2F6410B-8F2F-4901-93B0-89F63F7A6A00}.Debug|Any CPU.Build.0 = Debug|Any CPU
		{E2F6410B-8F2F-4901-93B0-89F63F7A6A00}.Release|Any CPU.ActiveCfg = Release|Any CPU
		{E2F6410B-8F2F-4901-93B0-89F63F7A6A00}.Release|Any CPU.Build.0 = Release|Any CPU
		{05BB1A21-4669-40AB-89E6-212FA800EEE3}.Debug|Any CPU.ActiveCfg = Debug|Any CPU
		{05BB1A21-4669-40AB-89E6-212FA800EEE3}.Debug|Any CPU.Build.0 = Debug|Any CPU
		{05BB1A21-4669-40AB-89E6-212FA800EEE3}.Release|Any CPU.ActiveCfg = Release|Any CPU
		{05BB1A21-4669-40AB-89E6-212FA800EEE3}.Release|Any CPU.Build.0 = Release|Any CPU
		{4DC02DE0-9350-4279-A1CC-807CD507C1C3}.Debug|Any CPU.ActiveCfg = Debug|Any CPU
		{4DC02DE0-9350-4279-A1CC-807CD507C1C3}.Debug|Any CPU.Build.0 = Debug|Any CPU
		{4DC02DE0-9350-4279-A1CC-807CD507C1C3}.Release|Any CPU.ActiveCfg = Release|Any CPU
		{4DC02DE0-9350-4279-A1CC-807CD507C1C3}.Release|Any CPU.Build.0 = Release|Any CPU
		{E15A1F90-F795-4467-9299-3839EBF49F11}.Debug|Any CPU.ActiveCfg = Debug|Any CPU
		{E15A1F90-F795-4467-9299-3839EBF49F11}.Debug|Any CPU.Build.0 = Debug|Any CPU
		{E15A1F90-F795-4467-9299-3839EBF49F11}.Release|Any CPU.ActiveCfg = Release|Any CPU
		{E15A1F90-F795-4467-9299-3839EBF49F11}.Release|Any CPU.Build.0 = Release|Any CPU
	EndGlobalSection
	GlobalSection(SolutionProperties) = preSolution
		HideSolutionNode = FALSE
	EndGlobalSection
	GlobalSection(ExtensibilityGlobals) = postSolution
		SolutionGuid = {80241D45-2E59-409B-B00E-7BBAD7DBB441}
	EndGlobalSection
EndGlobal
