
Microsoft Visual Studio Solution File, Format Version 12.00
# Visual Studio 15
VisualStudioVersion = 15.0.27004.2002
MinimumVisualStudioVersion = 10.0.40219.1
Project("{FAE04EC0-301F-11D3-BF4B-00C04F79EFBC}") = "01.WireNet", "01.WireNet\01.WireNet.csproj", "{285ED00A-BDAB-45F3-BA5B-4E29F86F680B}"
EndProject
Project("{FAE04EC0-301F-11D3-BF4B-00C04F79EFBC}") = "02.Lutenitsa", "02.Lutenitsa\02.Lutenitsa.csproj", "{7889CF4F-A990-4ED0-BAB9-E0159542889C}"
EndProject
Project("{FAE04EC0-301F-11D3-BF4B-00C04F79EFBC}") = "03.CourierExpress", "03.CourierExpress\03.CourierExpress.csproj", "{5F8F83B6-E143-4F48-AFC9-4A1AD15D1CE8}"
EndProject
Project("{FAE04EC0-301F-11D3-BF4B-00C04F79EFBC}") = "04.ExternalEvaluation", "04.ExternalEvaluation\04.ExternalEvaluation.csproj", "{AE2394DC-C473-4224-97F9-94C685F19E7E}"
EndProject
Project("{FAE04EC0-301F-11D3-BF4B-00C04F79EFBC}") = "05.Java", "05.Java\05.Java.csproj", "{4D7D5488-75E1-4B04-B635-D99F4398CDAC}"
EndProject
Project("{FAE04EC0-301F-11D3-BF4B-00C04F79EFBC}") = "06.LuckyNumbers", "06.LuckyNumbers\06.LuckyNumbers.csproj", "{EF4C4974-E193-424E-B60A-3C948423F131}"
EndProject
Global
	GlobalSection(SolutionConfigurationPlatforms) = preSolution
		Debug|Any CPU = Debug|Any CPU
		Release|Any CPU = Release|Any CPU
	EndGlobalSection
	GlobalSection(ProjectConfigurationPlatforms) = postSolution
		{285ED00A-BDAB-45F3-BA5B-4E29F86F680B}.Debug|Any CPU.ActiveCfg = Debug|Any CPU
		{285ED00A-BDAB-45F3-BA5B-4E29F86F680B}.Debug|Any CPU.Build.0 = Debug|Any CPU
		{285ED00A-BDAB-45F3-BA5B-4E29F86F680B}.Release|Any CPU.ActiveCfg = Release|Any CPU
		{285ED00A-BDAB-45F3-BA5B-4E29F86F680B}.Release|Any CPU.Build.0 = Release|Any CPU
		{7889CF4F-A990-4ED0-BAB9-E0159542889C}.Debug|Any CPU.ActiveCfg = Debug|Any CPU
		{7889CF4F-A990-4ED0-BAB9-E0159542889C}.Debug|Any CPU.Build.0 = Debug|Any CPU
		{7889CF4F-A990-4ED0-BAB9-E0159542889C}.Release|Any CPU.ActiveCfg = Release|Any CPU
		{7889CF4F-A990-4ED0-BAB9-E0159542889C}.Release|Any CPU.Build.0 = Release|Any CPU
		{5F8F83B6-E143-4F48-AFC9-4A1AD15D1CE8}.Debug|Any CPU.ActiveCfg = Debug|Any CPU
		{5F8F83B6-E143-4F48-AFC9-4A1AD15D1CE8}.Debug|Any CPU.Build.0 = Debug|Any CPU
		{5F8F83B6-E143-4F48-AFC9-4A1AD15D1CE8}.Release|Any CPU.ActiveCfg = Release|Any CPU
		{5F8F83B6-E143-4F48-AFC9-4A1AD15D1CE8}.Release|Any CPU.Build.0 = Release|Any CPU
		{AE2394DC-C473-4224-97F9-94C685F19E7E}.Debug|Any CPU.ActiveCfg = Debug|Any CPU
		{AE2394DC-C473-4224-97F9-94C685F19E7E}.Debug|Any CPU.Build.0 = Debug|Any CPU
		{AE2394DC-C473-4224-97F9-94C685F19E7E}.Release|Any CPU.ActiveCfg = Release|Any CPU
		{AE2394DC-C473-4224-97F9-94C685F19E7E}.Release|Any CPU.Build.0 = Release|Any CPU
		{4D7D5488-75E1-4B04-B635-D99F4398CDAC}.Debug|Any CPU.ActiveCfg = Debug|Any CPU
		{4D7D5488-75E1-4B04-B635-D99F4398CDAC}.Debug|Any CPU.Build.0 = Debug|Any CPU
		{4D7D5488-75E1-4B04-B635-D99F4398CDAC}.Release|Any CPU.ActiveCfg = Release|Any CPU
		{4D7D5488-75E1-4B04-B635-D99F4398CDAC}.Release|Any CPU.Build.0 = Release|Any CPU
		{EF4C4974-E193-424E-B60A-3C948423F131}.Debug|Any CPU.ActiveCfg = Debug|Any CPU
		{EF4C4974-E193-424E-B60A-3C948423F131}.Debug|Any CPU.Build.0 = Debug|Any CPU
		{EF4C4974-E193-424E-B60A-3C948423F131}.Release|Any CPU.ActiveCfg = Release|Any CPU
		{EF4C4974-E193-424E-B60A-3C948423F131}.Release|Any CPU.Build.0 = Release|Any CPU
	EndGlobalSection
	GlobalSection(SolutionProperties) = preSolution
		HideSolutionNode = FALSE
	EndGlobalSection
	GlobalSection(ExtensibilityGlobals) = postSolution
		SolutionGuid = {16DD5A44-33AD-4FFA-BC61-7BC67B034CC6}
	EndGlobalSection
EndGlobal
