
Microsoft Visual Studio Solution File, Format Version 12.00
# Visual Studio 15
VisualStudioVersion = 15.0.28010.2046
MinimumVisualStudioVersion = 10.0.40219.1
Project("{FAE04EC0-301F-11D3-BF4B-00C04F79EFBC}") = "LearningSystem.Web", "LearningSystem.Web\LearningSystem.Web.csproj", "{53C462C1-EE23-4440-B3A5-62D61AB0A185}"
EndProject
Project("{FAE04EC0-301F-11D3-BF4B-00C04F79EFBC}") = "LearningSystem.Data", "LearningSystem.Data\LearningSystem.Data.csproj", "{6FB7BF16-8B1F-466B-8E25-6B17B8BCF682}"
EndProject
Global
	GlobalSection(SolutionConfigurationPlatforms) = preSolution
		Debug|Any CPU = Debug|Any CPU
		Release|Any CPU = Release|Any CPU
	EndGlobalSection
	GlobalSection(ProjectConfigurationPlatforms) = postSolution
		{53C462C1-EE23-4440-B3A5-62D61AB0A185}.Debug|Any CPU.ActiveCfg = Debug|Any CPU
		{53C462C1-EE23-4440-B3A5-62D61AB0A185}.Debug|Any CPU.Build.0 = Debug|Any CPU
		{53C462C1-EE23-4440-B3A5-62D61AB0A185}.Release|Any CPU.ActiveCfg = Release|Any CPU
		{53C462C1-EE23-4440-B3A5-62D61AB0A185}.Release|Any CPU.Build.0 = Release|Any CPU
		{6FB7BF16-8B1F-466B-8E25-6B17B8BCF682}.Debug|Any CPU.ActiveCfg = Debug|Any CPU
		{6FB7BF16-8B1F-466B-8E25-6B17B8BCF682}.Debug|Any CPU.Build.0 = Debug|Any CPU
		{6FB7BF16-8B1F-466B-8E25-6B17B8BCF682}.Release|Any CPU.ActiveCfg = Release|Any CPU
		{6FB7BF16-8B1F-466B-8E25-6B17B8BCF682}.Release|Any CPU.Build.0 = Release|Any CPU
	EndGlobalSection
	GlobalSection(SolutionProperties) = preSolution
		HideSolutionNode = FALSE
	EndGlobalSection
	GlobalSection(ExtensibilityGlobals) = postSolution
		SolutionGuid = {240013C0-17D2-43EC-95CF-9F34CCA672B9}
	EndGlobalSection
EndGlobal
