
Microsoft Visual Studio Solution File, Format Version 12.00
# Visual Studio 15
VisualStudioVersion = 15.0.27703.2042
MinimumVisualStudioVersion = 10.0.40219.1
Project("{FAE04EC0-301F-11D3-BF4B-00C04F79EFBC}") = "Employees.App", "Employees.App\Employees.App.csproj", "{B55ABA20-739B-4ED7-8314-D6AB95E3F5C8}"
EndProject
Project("{FAE04EC0-301F-11D3-BF4B-00C04F79EFBC}") = "Employees.Data", "Employees.Data\Employees.Data.csproj", "{7E297838-C2D0-4001-9EF7-E8C9C6CC5E79}"
EndProject
Project("{FAE04EC0-301F-11D3-BF4B-00C04F79EFBC}") = "Employees.Models", "Employees.Models\Employees.Models.csproj", "{A2B33002-CF00-4D10-9AB7-81C2550E7124}"
EndProject
Project("{FAE04EC0-301F-11D3-BF4B-00C04F79EFBC}") = "Employees.Services", "Employees.Services\Employees.Services.csproj", "{F6F239AD-8EA9-4A04-B927-85F96B1D1116}"
EndProject
Project("{FAE04EC0-301F-11D3-BF4B-00C04F79EFBC}") = "Employees.DtoModels", "Employees.DtoModels\Employees.DtoModels.csproj", "{822E9A7C-6212-4C25-B0EB-931F55822A7D}"
EndProject
Global
	GlobalSection(SolutionConfigurationPlatforms) = preSolution
		Debug|Any CPU = Debug|Any CPU
		Release|Any CPU = Release|Any CPU
	EndGlobalSection
	GlobalSection(ProjectConfigurationPlatforms) = postSolution
		{B55ABA20-739B-4ED7-8314-D6AB95E3F5C8}.Debug|Any CPU.ActiveCfg = Debug|Any CPU
		{B55ABA20-739B-4ED7-8314-D6AB95E3F5C8}.Debug|Any CPU.Build.0 = Debug|Any CPU
		{B55ABA20-739B-4ED7-8314-D6AB95E3F5C8}.Release|Any CPU.ActiveCfg = Release|Any CPU
		{B55ABA20-739B-4ED7-8314-D6AB95E3F5C8}.Release|Any CPU.Build.0 = Release|Any CPU
		{7E297838-C2D0-4001-9EF7-E8C9C6CC5E79}.Debug|Any CPU.ActiveCfg = Debug|Any CPU
		{7E297838-C2D0-4001-9EF7-E8C9C6CC5E79}.Debug|Any CPU.Build.0 = Debug|Any CPU
		{7E297838-C2D0-4001-9EF7-E8C9C6CC5E79}.Release|Any CPU.ActiveCfg = Release|Any CPU
		{7E297838-C2D0-4001-9EF7-E8C9C6CC5E79}.Release|Any CPU.Build.0 = Release|Any CPU
		{A2B33002-CF00-4D10-9AB7-81C2550E7124}.Debug|Any CPU.ActiveCfg = Debug|Any CPU
		{A2B33002-CF00-4D10-9AB7-81C2550E7124}.Debug|Any CPU.Build.0 = Debug|Any CPU
		{A2B33002-CF00-4D10-9AB7-81C2550E7124}.Release|Any CPU.ActiveCfg = Release|Any CPU
		{A2B33002-CF00-4D10-9AB7-81C2550E7124}.Release|Any CPU.Build.0 = Release|Any CPU
		{F6F239AD-8EA9-4A04-B927-85F96B1D1116}.Debug|Any CPU.ActiveCfg = Debug|Any CPU
		{F6F239AD-8EA9-4A04-B927-85F96B1D1116}.Debug|Any CPU.Build.0 = Debug|Any CPU
		{F6F239AD-8EA9-4A04-B927-85F96B1D1116}.Release|Any CPU.ActiveCfg = Release|Any CPU
		{F6F239AD-8EA9-4A04-B927-85F96B1D1116}.Release|Any CPU.Build.0 = Release|Any CPU
		{822E9A7C-6212-4C25-B0EB-931F55822A7D}.Debug|Any CPU.ActiveCfg = Debug|Any CPU
		{822E9A7C-6212-4C25-B0EB-931F55822A7D}.Debug|Any CPU.Build.0 = Debug|Any CPU
		{822E9A7C-6212-4C25-B0EB-931F55822A7D}.Release|Any CPU.ActiveCfg = Release|Any CPU
		{822E9A7C-6212-4C25-B0EB-931F55822A7D}.Release|Any CPU.Build.0 = Release|Any CPU
	EndGlobalSection
	GlobalSection(SolutionProperties) = preSolution
		HideSolutionNode = FALSE
	EndGlobalSection
	GlobalSection(ExtensibilityGlobals) = postSolution
		SolutionGuid = {6DBFBFA0-A956-410B-8F0A-641CEBF7CB85}
	EndGlobalSection
EndGlobal
