
Microsoft Visual Studio Solution File, Format Version 12.00
# Visual Studio 15
VisualStudioVersion = 15.0.27703.2042
MinimumVisualStudioVersion = 10.0.40219.1
Project("{FAE04EC0-301F-11D3-BF4B-00C04F79EFBC}") = "P01_BillsPaymentSystem.Data.Models", "P01_BillsPaymentSystem.Data.Models\P01_BillsPaymentSystem.Data.Models.csproj", "{F12063E2-3E80-410D-A5F4-EFE701982408}"
EndProject
Project("{FAE04EC0-301F-11D3-BF4B-00C04F79EFBC}") = "P01_BillsPaymentSystem.App", "P01_BillsPaymentSystem.App\P01_BillsPaymentSystem.App.csproj", "{24D29025-4101-4675-A2B5-76D41ED37898}"
EndProject
Project("{FAE04EC0-301F-11D3-BF4B-00C04F79EFBC}") = "P01_BillsPaymentSystem.Data", "P01_BillsPaymentSystem.Data\P01_BillsPaymentSystem.Data.csproj", "{A5434E2A-B913-4B5D-A345-E8FB747F38FA}"
EndProject
Global
	GlobalSection(SolutionConfigurationPlatforms) = preSolution
		Debug|Any CPU = Debug|Any CPU
		Release|Any CPU = Release|Any CPU
	EndGlobalSection
	GlobalSection(ProjectConfigurationPlatforms) = postSolution
		{F12063E2-3E80-410D-A5F4-EFE701982408}.Debug|Any CPU.ActiveCfg = Debug|Any CPU
		{F12063E2-3E80-410D-A5F4-EFE701982408}.Debug|Any CPU.Build.0 = Debug|Any CPU
		{F12063E2-3E80-410D-A5F4-EFE701982408}.Release|Any CPU.ActiveCfg = Release|Any CPU
		{F12063E2-3E80-410D-A5F4-EFE701982408}.Release|Any CPU.Build.0 = Release|Any CPU
		{24D29025-4101-4675-A2B5-76D41ED37898}.Debug|Any CPU.ActiveCfg = Debug|Any CPU
		{24D29025-4101-4675-A2B5-76D41ED37898}.Debug|Any CPU.Build.0 = Debug|Any CPU
		{24D29025-4101-4675-A2B5-76D41ED37898}.Release|Any CPU.ActiveCfg = Release|Any CPU
		{24D29025-4101-4675-A2B5-76D41ED37898}.Release|Any CPU.Build.0 = Release|Any CPU
		{A5434E2A-B913-4B5D-A345-E8FB747F38FA}.Debug|Any CPU.ActiveCfg = Debug|Any CPU
		{A5434E2A-B913-4B5D-A345-E8FB747F38FA}.Debug|Any CPU.Build.0 = Debug|Any CPU
		{A5434E2A-B913-4B5D-A345-E8FB747F38FA}.Release|Any CPU.ActiveCfg = Release|Any CPU
		{A5434E2A-B913-4B5D-A345-E8FB747F38FA}.Release|Any CPU.Build.0 = Release|Any CPU
	EndGlobalSection
	GlobalSection(SolutionProperties) = preSolution
		HideSolutionNode = FALSE
	EndGlobalSection
	GlobalSection(ExtensibilityGlobals) = postSolution
		SolutionGuid = {613653C0-B4BF-431E-8AF8-4E8604E9C3B0}
	EndGlobalSection
EndGlobal
