
Microsoft Visual Studio Solution File, Format Version 12.00
# Visual Studio 15
VisualStudioVersion = 15.0.27130.2010
MinimumVisualStudioVersion = 10.0.40219.1
Project("{FAE04EC0-301F-11D3-BF4B-00C04F79EFBC}") = "Blog", "Blog\Blog.csproj", "{24496D83-0B25-48E6-A7EF-0D8E33C43E5A}"
EndProject
Global
	GlobalSection(SolutionConfigurationPlatforms) = preSolution
		Debug|Any CPU = Debug|Any CPU
		Release|Any CPU = Release|Any CPU
	EndGlobalSection
	GlobalSection(ProjectConfigurationPlatforms) = postSolution
		{24496D83-0B25-48E6-A7EF-0D8E33C43E5A}.Debug|Any CPU.ActiveCfg = Debug|Any CPU
		{24496D83-0B25-48E6-A7EF-0D8E33C43E5A}.Debug|Any CPU.Build.0 = Debug|Any CPU
		{24496D83-0B25-48E6-A7EF-0D8E33C43E5A}.Release|Any CPU.ActiveCfg = Release|Any CPU
		{24496D83-0B25-48E6-A7EF-0D8E33C43E5A}.Release|Any CPU.Build.0 = Release|Any CPU
	EndGlobalSection
	GlobalSection(SolutionProperties) = preSolution
		HideSolutionNode = FALSE
	EndGlobalSection
	GlobalSection(ExtensibilityGlobals) = postSolution
		SolutionGuid = {376D1526-CDFA-4B60-9688-053D26CB88E8}
	EndGlobalSection
EndGlobal
