
Microsoft Visual Studio Solution File, Format Version 12.00
# Visual Studio 15
VisualStudioVersion = 15.0.27703.2018
MinimumVisualStudioVersion = 10.0.40219.1
Project("{FAE04EC0-301F-11D3-BF4B-00C04F79EFBC}") = "P01_Person", "P01_Person\P01_Person.csproj", "{03DACD7A-A140-45E6-B149-7745C2B6FE8D}"
EndProject
Project("{FAE04EC0-301F-11D3-BF4B-00C04F79EFBC}") = "P02_BookShop", "P02_BookShop\P02_BookShop.csproj", "{C5E4778A-9E83-43AD-B4C1-F82CE190E028}"
EndProject
Project("{FAE04EC0-301F-11D3-BF4B-00C04F79EFBC}") = "P03_Mankind", "P03_Mankind\P03_Mankind.csproj", "{BC008DB1-7582-48E5-ADCD-7C0F808DCB52}"
EndProject
Global
	GlobalSection(SolutionConfigurationPlatforms) = preSolution
		Debug|Any CPU = Debug|Any CPU
		Release|Any CPU = Release|Any CPU
	EndGlobalSection
	GlobalSection(ProjectConfigurationPlatforms) = postSolution
		{03DACD7A-A140-45E6-B149-7745C2B6FE8D}.Debug|Any CPU.ActiveCfg = Debug|Any CPU
		{03DACD7A-A140-45E6-B149-7745C2B6FE8D}.Debug|Any CPU.Build.0 = Debug|Any CPU
		{03DACD7A-A140-45E6-B149-7745C2B6FE8D}.Release|Any CPU.ActiveCfg = Release|Any CPU
		{03DACD7A-A140-45E6-B149-7745C2B6FE8D}.Release|Any CPU.Build.0 = Release|Any CPU
		{C5E4778A-9E83-43AD-B4C1-F82CE190E028}.Debug|Any CPU.ActiveCfg = Debug|Any CPU
		{C5E4778A-9E83-43AD-B4C1-F82CE190E028}.Debug|Any CPU.Build.0 = Debug|Any CPU
		{C5E4778A-9E83-43AD-B4C1-F82CE190E028}.Release|Any CPU.ActiveCfg = Release|Any CPU
		{C5E4778A-9E83-43AD-B4C1-F82CE190E028}.Release|Any CPU.Build.0 = Release|Any CPU
		{BC008DB1-7582-48E5-ADCD-7C0F808DCB52}.Debug|Any CPU.ActiveCfg = Debug|Any CPU
		{BC008DB1-7582-48E5-ADCD-7C0F808DCB52}.Debug|Any CPU.Build.0 = Debug|Any CPU
		{BC008DB1-7582-48E5-ADCD-7C0F808DCB52}.Release|Any CPU.ActiveCfg = Release|Any CPU
		{BC008DB1-7582-48E5-ADCD-7C0F808DCB52}.Release|Any CPU.Build.0 = Release|Any CPU
	EndGlobalSection
	GlobalSection(SolutionProperties) = preSolution
		HideSolutionNode = FALSE
	EndGlobalSection
	GlobalSection(ExtensibilityGlobals) = postSolution
		SolutionGuid = {0CAF6311-A494-4519-AE40-9638769F199F}
	EndGlobalSection
EndGlobal
