
Microsoft Visual Studio Solution File, Format Version 12.00
# Visual Studio 15
VisualStudioVersion = 15.0.27130.2036
MinimumVisualStudioVersion = 10.0.40219.1
Project("{FAE04EC0-301F-11D3-BF4B-00C04F79EFBC}") = "01.CubicArtillery", "01.CubicArtillery\01.CubicArtillery.csproj", "{BCD9EFC2-9207-4939-958C-232C758A0373}"
EndProject
Project("{FAE04EC0-301F-11D3-BF4B-00C04F79EFBC}") = "02.CubicRube", "02.CubicRube\02.CubicRube.csproj", "{A3018211-6AF1-484F-9B21-B0DBA2627D12}"
EndProject
Project("{FAE04EC0-301F-11D3-BF4B-00C04F79EFBC}") = "03.CubicMessages", "03.CubicMessages\03.CubicMessages.csproj", "{DAB6C8B4-6DD4-4D74-958B-7D3BDF75D209}"
EndProject
Project("{FAE04EC0-301F-11D3-BF4B-00C04F79EFBC}") = "04.CubicAssault", "04.CubicAssault\04.CubicAssault.csproj", "{2AE901F5-3296-4E9C-88AF-A959F07653CC}"
EndProject
Global
	GlobalSection(SolutionConfigurationPlatforms) = preSolution
		Debug|Any CPU = Debug|Any CPU
		Release|Any CPU = Release|Any CPU
	EndGlobalSection
	GlobalSection(ProjectConfigurationPlatforms) = postSolution
		{BCD9EFC2-9207-4939-958C-232C758A0373}.Debug|Any CPU.ActiveCfg = Debug|Any CPU
		{BCD9EFC2-9207-4939-958C-232C758A0373}.Debug|Any CPU.Build.0 = Debug|Any CPU
		{BCD9EFC2-9207-4939-958C-232C758A0373}.Release|Any CPU.ActiveCfg = Release|Any CPU
		{BCD9EFC2-9207-4939-958C-232C758A0373}.Release|Any CPU.Build.0 = Release|Any CPU
		{A3018211-6AF1-484F-9B21-B0DBA2627D12}.Debug|Any CPU.ActiveCfg = Debug|Any CPU
		{A3018211-6AF1-484F-9B21-B0DBA2627D12}.Debug|Any CPU.Build.0 = Debug|Any CPU
		{A3018211-6AF1-484F-9B21-B0DBA2627D12}.Release|Any CPU.ActiveCfg = Release|Any CPU
		{A3018211-6AF1-484F-9B21-B0DBA2627D12}.Release|Any CPU.Build.0 = Release|Any CPU
		{DAB6C8B4-6DD4-4D74-958B-7D3BDF75D209}.Debug|Any CPU.ActiveCfg = Debug|Any CPU
		{DAB6C8B4-6DD4-4D74-958B-7D3BDF75D209}.Debug|Any CPU.Build.0 = Debug|Any CPU
		{DAB6C8B4-6DD4-4D74-958B-7D3BDF75D209}.Release|Any CPU.ActiveCfg = Release|Any CPU
		{DAB6C8B4-6DD4-4D74-958B-7D3BDF75D209}.Release|Any CPU.Build.0 = Release|Any CPU
		{2AE901F5-3296-4E9C-88AF-A959F07653CC}.Debug|Any CPU.ActiveCfg = Debug|Any CPU
		{2AE901F5-3296-4E9C-88AF-A959F07653CC}.Debug|Any CPU.Build.0 = Debug|Any CPU
		{2AE901F5-3296-4E9C-88AF-A959F07653CC}.Release|Any CPU.ActiveCfg = Release|Any CPU
		{2AE901F5-3296-4E9C-88AF-A959F07653CC}.Release|Any CPU.Build.0 = Release|Any CPU
	EndGlobalSection
	GlobalSection(SolutionProperties) = preSolution
		HideSolutionNode = FALSE
	EndGlobalSection
	GlobalSection(ExtensibilityGlobals) = postSolution
		SolutionGuid = {05E67D46-8D8F-459E-8DF6-18A8EE50239A}
	EndGlobalSection
EndGlobal
