
Microsoft Visual Studio Solution File, Format Version 12.00
# Visual Studio Version 16
VisualStudioVersion = 16.0.29609.76
MinimumVisualStudioVersion = 10.0.40219.1
Project("{9A19103F-16F7-4668-BE54-9A1E7A4F7556}") = "01.LemonadeStand", "01.LemonadeStand\01.LemonadeStand.csproj", "{7D203185-4584-4402-B878-E2D7BCDACA16}"
EndProject
Project("{9A19103F-16F7-4668-BE54-9A1E7A4F7556}") = "02.Reservation", "02.Reservation\02.Reservation.csproj", "{4EABE96C-6DC4-4973-8D7A-735CB241F82C}"
EndProject
Project("{9A19103F-16F7-4668-BE54-9A1E7A4F7556}") = "02.SummerShopping", "02.SummerShopping\02.SummerShopping.csproj", "{6F4A2F7A-6D83-424D-973A-60704AD38C64}"
EndProject
Project("{9A19103F-16F7-4668-BE54-9A1E7A4F7556}") = "01.Savings", "01.Savings\01.Savings.csproj", "{1F756009-5632-420F-A32F-913E28E26D4A}"
EndProject
Global
	GlobalSection(SolutionConfigurationPlatforms) = preSolution
		Debug|Any CPU = Debug|Any CPU
		Release|Any CPU = Release|Any CPU
	EndGlobalSection
	GlobalSection(ProjectConfigurationPlatforms) = postSolution
		{7D203185-4584-4402-B878-E2D7BCDACA16}.Debug|Any CPU.ActiveCfg = Debug|Any CPU
		{7D203185-4584-4402-B878-E2D7BCDACA16}.Debug|Any CPU.Build.0 = Debug|Any CPU
		{7D203185-4584-4402-B878-E2D7BCDACA16}.Release|Any CPU.ActiveCfg = Release|Any CPU
		{7D203185-4584-4402-B878-E2D7BCDACA16}.Release|Any CPU.Build.0 = Release|Any CPU
		{4EABE96C-6DC4-4973-8D7A-735CB241F82C}.Debug|Any CPU.ActiveCfg = Debug|Any CPU
		{4EABE96C-6DC4-4973-8D7A-735CB241F82C}.Debug|Any CPU.Build.0 = Debug|Any CPU
		{4EABE96C-6DC4-4973-8D7A-735CB241F82C}.Release|Any CPU.ActiveCfg = Release|Any CPU
		{4EABE96C-6DC4-4973-8D7A-735CB241F82C}.Release|Any CPU.Build.0 = Release|Any CPU
		{6F4A2F7A-6D83-424D-973A-60704AD38C64}.Debug|Any CPU.ActiveCfg = Debug|Any CPU
		{6F4A2F7A-6D83-424D-973A-60704AD38C64}.Debug|Any CPU.Build.0 = Debug|Any CPU
		{6F4A2F7A-6D83-424D-973A-60704AD38C64}.Release|Any CPU.ActiveCfg = Release|Any CPU
		{6F4A2F7A-6D83-424D-973A-60704AD38C64}.Release|Any CPU.Build.0 = Release|Any CPU
		{1F756009-5632-420F-A32F-913E28E26D4A}.Debug|Any CPU.ActiveCfg = Debug|Any CPU
		{1F756009-5632-420F-A32F-913E28E26D4A}.Debug|Any CPU.Build.0 = Debug|Any CPU
		{1F756009-5632-420F-A32F-913E28E26D4A}.Release|Any CPU.ActiveCfg = Release|Any CPU
		{1F756009-5632-420F-A32F-913E28E26D4A}.Release|Any CPU.Build.0 = Release|Any CPU
	EndGlobalSection
	GlobalSection(SolutionProperties) = preSolution
		HideSolutionNode = FALSE
	EndGlobalSection
	GlobalSection(ExtensibilityGlobals) = postSolution
		SolutionGuid = {D1D4CA37-CE6C-4948-9443-9D3575749D4F}
	EndGlobalSection
EndGlobal
