
Microsoft Visual Studio Solution File, Format Version 12.00
# Visual Studio 15
VisualStudioVersion = 15.0.27428.2015
MinimumVisualStudioVersion = 10.0.40219.1
Project("{FAE04EC0-301F-11D3-BF4B-00C04F79EFBC}") = "01.DefineIPersonInterface", "01.DefineIPersonInterface\01.DefineIPersonInterface.csproj", "{F2D2C4A2-49E0-4D33-A134-C60AEEBE74AB}"
EndProject
Project("{FAE04EC0-301F-11D3-BF4B-00C04F79EFBC}") = "02.MultipleImplementation", "02.MultipleImplementation\02.MultipleImplementation.csproj", "{ACF4C9F9-685A-49CE-BF9D-18C0770BD5EC}"
EndProject
Project("{FAE04EC0-301F-11D3-BF4B-00C04F79EFBC}") = "03.Ferrari", "03.Ferrari\03.Ferrari.csproj", "{15380817-B8BA-4A12-A8DA-388218DEF25B}"
EndProject
Project("{FAE04EC0-301F-11D3-BF4B-00C04F79EFBC}") = "04.Telephony", "04.Telephony\04.Telephony.csproj", "{AFDE6075-F1D4-4CE4-ABE1-51F62B216933}"
EndProject
Project("{FAE04EC0-301F-11D3-BF4B-00C04F79EFBC}") = "05.BorderControl", "05.BorderControl\05.BorderControl.csproj", "{08A87DA3-0CF4-498B-8778-07F6D3456791}"
EndProject
Project("{FAE04EC0-301F-11D3-BF4B-00C04F79EFBC}") = "06.BirthdayCelebrations", "06.BirthdayCelebrations\06.BirthdayCelebrations.csproj", "{1A1E5B1E-A8FC-4CF8-B6EA-AA9F78F85FFA}"
EndProject
Project("{FAE04EC0-301F-11D3-BF4B-00C04F79EFBC}") = "07.FoodShortage", "07.FoodShortage\07.FoodShortage.csproj", "{1BF7DECA-63B1-4758-A3E7-FE3359A47937}"
EndProject
Project("{FAE04EC0-301F-11D3-BF4B-00C04F79EFBC}") = "08.MilitaryElite", "08.MilitaryElite\08.MilitaryElite.csproj", "{D01DEB9A-2A78-4E31-887A-CCC1645E1F7A}"
EndProject
Project("{FAE04EC0-301F-11D3-BF4B-00C04F79EFBC}") = "10.ExplicitInterfaces", "10.ExplicitInterfaces\10.ExplicitInterfaces.csproj", "{7146621A-F0E9-4DF5-99FB-17B8F5C7B981}"
EndProject
Global
	GlobalSection(SolutionConfigurationPlatforms) = preSolution
		Debug|Any CPU = Debug|Any CPU
		Release|Any CPU = Release|Any CPU
	EndGlobalSection
	GlobalSection(ProjectConfigurationPlatforms) = postSolution
		{F2D2C4A2-49E0-4D33-A134-C60AEEBE74AB}.Debug|Any CPU.ActiveCfg = Debug|Any CPU
		{F2D2C4A2-49E0-4D33-A134-C60AEEBE74AB}.Debug|Any CPU.Build.0 = Debug|Any CPU
		{F2D2C4A2-49E0-4D33-A134-C60AEEBE74AB}.Release|Any CPU.ActiveCfg = Release|Any CPU
		{F2D2C4A2-49E0-4D33-A134-C60AEEBE74AB}.Release|Any CPU.Build.0 = Release|Any CPU
		{ACF4C9F9-685A-49CE-BF9D-18C0770BD5EC}.Debug|Any CPU.ActiveCfg = Debug|Any CPU
		{ACF4C9F9-685A-49CE-BF9D-18C0770BD5EC}.Debug|Any CPU.Build.0 = Debug|Any CPU
		{ACF4C9F9-685A-49CE-BF9D-18C0770BD5EC}.Release|Any CPU.ActiveCfg = Release|Any CPU
		{ACF4C9F9-685A-49CE-BF9D-18C0770BD5EC}.Release|Any CPU.Build.0 = Release|Any CPU
		{15380817-B8BA-4A12-A8DA-388218DEF25B}.Debug|Any CPU.ActiveCfg = Debug|Any CPU
		{15380817-B8BA-4A12-A8DA-388218DEF25B}.Debug|Any CPU.Build.0 = Debug|Any CPU
		{15380817-B8BA-4A12-A8DA-388218DEF25B}.Release|Any CPU.ActiveCfg = Release|Any CPU
		{15380817-B8BA-4A12-A8DA-388218DEF25B}.Release|Any CPU.Build.0 = Release|Any CPU
		{AFDE6075-F1D4-4CE4-ABE1-51F62B216933}.Debug|Any CPU.ActiveCfg = Debug|Any CPU
		{AFDE6075-F1D4-4CE4-ABE1-51F62B216933}.Debug|Any CPU.Build.0 = Debug|Any CPU
		{AFDE6075-F1D4-4CE4-ABE1-51F62B216933}.Release|Any CPU.ActiveCfg = Release|Any CPU
		{AFDE6075-F1D4-4CE4-ABE1-51F62B216933}.Release|Any CPU.Build.0 = Release|Any CPU
		{08A87DA3-0CF4-498B-8778-07F6D3456791}.Debug|Any CPU.ActiveCfg = Debug|Any CPU
		{08A87DA3-0CF4-498B-8778-07F6D3456791}.Debug|Any CPU.Build.0 = Debug|Any CPU
		{08A87DA3-0CF4-498B-8778-07F6D3456791}.Release|Any CPU.ActiveCfg = Release|Any CPU
		{08A87DA3-0CF4-498B-8778-07F6D3456791}.Release|Any CPU.Build.0 = Release|Any CPU
		{1A1E5B1E-A8FC-4CF8-B6EA-AA9F78F85FFA}.Debug|Any CPU.ActiveCfg = Debug|Any CPU
		{1A1E5B1E-A8FC-4CF8-B6EA-AA9F78F85FFA}.Debug|Any CPU.Build.0 = Debug|Any CPU
		{1A1E5B1E-A8FC-4CF8-B6EA-AA9F78F85FFA}.Release|Any CPU.ActiveCfg = Release|Any CPU
		{1A1E5B1E-A8FC-4CF8-B6EA-AA9F78F85FFA}.Release|Any CPU.Build.0 = Release|Any CPU
		{1BF7DECA-63B1-4758-A3E7-FE3359A47937}.Debug|Any CPU.ActiveCfg = Debug|Any CPU
		{1BF7DECA-63B1-4758-A3E7-FE3359A47937}.Debug|Any CPU.Build.0 = Debug|Any CPU
		{1BF7DECA-63B1-4758-A3E7-FE3359A47937}.Release|Any CPU.ActiveCfg = Release|Any CPU
		{1BF7DECA-63B1-4758-A3E7-FE3359A47937}.Release|Any CPU.Build.0 = Release|Any CPU
		{D01DEB9A-2A78-4E31-887A-CCC1645E1F7A}.Debug|Any CPU.ActiveCfg = Debug|Any CPU
		{D01DEB9A-2A78-4E31-887A-CCC1645E1F7A}.Debug|Any CPU.Build.0 = Debug|Any CPU
		{D01DEB9A-2A78-4E31-887A-CCC1645E1F7A}.Release|Any CPU.ActiveCfg = Release|Any CPU
		{D01DEB9A-2A78-4E31-887A-CCC1645E1F7A}.Release|Any CPU.Build.0 = Release|Any CPU
		{7146621A-F0E9-4DF5-99FB-17B8F5C7B981}.Debug|Any CPU.ActiveCfg = Debug|Any CPU
		{7146621A-F0E9-4DF5-99FB-17B8F5C7B981}.Debug|Any CPU.Build.0 = Debug|Any CPU
		{7146621A-F0E9-4DF5-99FB-17B8F5C7B981}.Release|Any CPU.ActiveCfg = Release|Any CPU
		{7146621A-F0E9-4DF5-99FB-17B8F5C7B981}.Release|Any CPU.Build.0 = Release|Any CPU
	EndGlobalSection
	GlobalSection(SolutionProperties) = preSolution
		HideSolutionNode = FALSE
	EndGlobalSection
	GlobalSection(ExtensibilityGlobals) = postSolution
		SolutionGuid = {D7DD3713-0158-4339-8110-B545BDBDD827}
	EndGlobalSection
EndGlobal
